
Microsoft Visual Studio Solution File, Format Version 12.00
# Visual Studio Version 17
VisualStudioVersion = 17.4.33213.308
MinimumVisualStudioVersion = 10.0.40219.1
Project("{FAE04EC0-301F-11D3-BF4B-00C04F79EFBC}") = "Sprint3", "Sprint3\Sprint3.csproj", "{40FE4A22-EAB4-41EA-A81E-57D6B54C4F98}"
EndProject
Global
	GlobalSection(SolutionConfigurationPlatforms) = preSolution
		Debug|Any CPU = Debug|Any CPU
		Release|Any CPU = Release|Any CPU
	EndGlobalSection
	GlobalSection(ProjectConfigurationPlatforms) = postSolution
		{40FE4A22-EAB4-41EA-A81E-57D6B54C4F98}.Debug|Any CPU.ActiveCfg = Debug|Any CPU
		{40FE4A22-EAB4-41EA-A81E-57D6B54C4F98}.Debug|Any CPU.Build.0 = Debug|Any CPU
		{40FE4A22-EAB4-41EA-A81E-57D6B54C4F98}.Release|Any CPU.ActiveCfg = Release|Any CPU
		{40FE4A22-EAB4-41EA-A81E-57D6B54C4F98}.Release|Any CPU.Build.0 = Release|Any CPU
	EndGlobalSection
	GlobalSection(SolutionProperties) = preSolution
		HideSolutionNode = FALSE
	EndGlobalSection
	GlobalSection(ExtensibilityGlobals) = postSolution
		SolutionGuid = {E86AB6DD-ED5B-454F-B133-F9BA5923E5FD}
	EndGlobalSection
EndGlobal
